// !$*UTF8*$!
{
	archiveVersion = 1;
	classes = {
	};
	objectVersion = 48;
	objects = {

/* Begin PBXBuildFile section */
		A589E60A1FEDB6E4008C7534 /* AppDelegate.swift in Sources */ = {isa = PBXBuildFile; fileRef = A589E6091FEDB6E4008C7534 /* AppDelegate.swift */; };
		A589E60C1FEDB6E4008C7534 /* CameraVC.swift in Sources */ = {isa = PBXBuildFile; fileRef = A589E60B1FEDB6E4008C7534 /* CameraVC.swift */; };
		A589E60F1FEDB6E4008C7534 /* Main.storyboard in Resources */ = {isa = PBXBuildFile; fileRef = A589E60D1FEDB6E4008C7534 /* Main.storyboard */; };
		A589E6111FEDB6E4008C7534 /* Assets.xcassets in Resources */ = {isa = PBXBuildFile; fileRef = A589E6101FEDB6E4008C7534 /* Assets.xcassets */; };
		A589E6141FEDB6E4008C7534 /* LaunchScreen.storyboard in Resources */ = {isa = PBXBuildFile; fileRef = A589E6121FEDB6E4008C7534 /* LaunchScreen.storyboard */; };
		A589E61F1FEDBB9C008C7534 /* RoundedShadowView.swift in Sources */ = {isa = PBXBuildFile; fileRef = A589E61E1FEDBB9C008C7534 /* RoundedShadowView.swift */; };
		A589E6211FEDBD95008C7534 /* RoundedShadowButton.swift in Sources */ = {isa = PBXBuildFile; fileRef = A589E6201FEDBD95008C7534 /* RoundedShadowButton.swift */; };
		A589E6231FEDBE66008C7534 /* RoundedShadowImageView.swift in Sources */ = {isa = PBXBuildFile; fileRef = A589E6221FEDBE66008C7534 /* RoundedShadowImageView.swift */; };
		A589E6251FEDE1EC008C7534 /* SqueezeNet.mlmodel in Sources */ = {isa = PBXBuildFile; fileRef = A589E6241FEDE1EC008C7534 /* SqueezeNet.mlmodel */; };
/* End PBXBuildFile section */

/* Begin PBXFileReference section */
		A589E6061FEDB6E4008C7534 /* vision-app-dev.app */ = {isa = PBXFileReference; explicitFileType = wrapper.application; includeInIndex = 0; path = "vision-app-dev.app"; sourceTree = BUILT_PRODUCTS_DIR; };
		A589E6091FEDB6E4008C7534 /* AppDelegate.swift */ = {isa = PBXFileReference; lastKnownFileType = sourcecode.swift; path = AppDelegate.swift; sourceTree = "<group>"; };
		A589E60B1FEDB6E4008C7534 /* CameraVC.swift */ = {isa = PBXFileReference; lastKnownFileType = sourcecode.swift; path = CameraVC.swift; sourceTree = "<group>"; };
		A589E60E1FEDB6E4008C7534 /* Base */ = {isa = PBXFileReference; lastKnownFileType = file.storyboard; name = Base; path = Base.lproj/Main.storyboard; sourceTree = "<group>"; };
		A589E6101FEDB6E4008C7534 /* Assets.xcassets */ = {isa = PBXFileReference; lastKnownFileType = folder.assetcatalog; path = Assets.xcassets; sourceTree = "<group>"; };
		A589E6131FEDB6E4008C7534 /* Base */ = {isa = PBXFileReference; lastKnownFileType = file.storyboard; name = Base; path = Base.lproj/LaunchScreen.storyboard; sourceTree = "<group>"; };
		A589E6151FEDB6E4008C7534 /* Info.plist */ = {isa = PBXFileReference; lastKnownFileType = text.plist.xml; path = Info.plist; sourceTree = "<group>"; };
		A589E61E1FEDBB9C008C7534 /* RoundedShadowView.swift */ = {isa = PBXFileReference; lastKnownFileType = sourcecode.swift; path = RoundedShadowView.swift; sourceTree = "<group>"; };
		A589E6201FEDBD95008C7534 /* RoundedShadowButton.swift */ = {isa = PBXFileReference; lastKnownFileType = sourcecode.swift; path = RoundedShadowButton.swift; sourceTree = "<group>"; };
		A589E6221FEDBE66008C7534 /* RoundedShadowImageView.swift */ = {isa = PBXFileReference; lastKnownFileType = sourcecode.swift; path = RoundedShadowImageView.swift; sourceTree = "<group>"; };
		A589E6241FEDE1EC008C7534 /* SqueezeNet.mlmodel */ = {isa = PBXFileReference; lastKnownFileType = file.mlmodel; path = SqueezeNet.mlmodel; sourceTree = "<group>"; };
/* End PBXFileReference section */

/* Begin PBXFrameworksBuildPhase section */
		A589E6031FEDB6E4008C7534 /* Frameworks */ = {
			isa = PBXFrameworksBuildPhase;
			buildActionMask = 2147483647;
			files = (
			);
			runOnlyForDeploymentPostprocessing = 0;
		};
/* End PBXFrameworksBuildPhase section */

/* Begin PBXGroup section */
		A589E5FD1FEDB6E4008C7534 = {
			isa = PBXGroup;
			children = (
				A589E6081FEDB6E4008C7534 /* vision-app-dev */,
				A589E6071FEDB6E4008C7534 /* Products */,
			);
			sourceTree = "<group>";
		};
		A589E6071FEDB6E4008C7534 /* Products */ = {
			isa = PBXGroup;
			children = (
				A589E6061FEDB6E4008C7534 /* vision-app-dev.app */,
			);
			name = Products;
			sourceTree = "<group>";
		};
		A589E6081FEDB6E4008C7534 /* vision-app-dev */ = {
			isa = PBXGroup;
			children = (
				A589E61D1FEDB724008C7534 /* Resources */,
				A589E61C1FEDB71A008C7534 /* View */,
				A589E61B1FEDB709008C7534 /* Controller */,
				A589E6091FEDB6E4008C7534 /* AppDelegate.swift */,
				A589E60D1FEDB6E4008C7534 /* Main.storyboard */,
				A589E6101FEDB6E4008C7534 /* Assets.xcassets */,
				A589E6121FEDB6E4008C7534 /* LaunchScreen.storyboard */,
				A589E6151FEDB6E4008C7534 /* Info.plist */,
			);
			path = "vision-app-dev";
			sourceTree = "<group>";
		};
		A589E61B1FEDB709008C7534 /* Controller */ = {
			isa = PBXGroup;
			children = (
				A589E60B1FEDB6E4008C7534 /* CameraVC.swift */,
			);
			path = Controller;
			sourceTree = "<group>";
		};
		A589E61C1FEDB71A008C7534 /* View */ = {
			isa = PBXGroup;
			children = (
				A589E61E1FEDBB9C008C7534 /* RoundedShadowView.swift */,
				A589E6201FEDBD95008C7534 /* RoundedShadowButton.swift */,
				A589E6221FEDBE66008C7534 /* RoundedShadowImageView.swift */,
			);
			path = View;
			sourceTree = "<group>";
		};
		A589E61D1FEDB724008C7534 /* Resources */ = {
			isa = PBXGroup;
			children = (
				A589E6241FEDE1EC008C7534 /* SqueezeNet.mlmodel */,
			);
			path = Resources;
			sourceTree = "<group>";
		};
/* End PBXGroup section */

/* Begin PBXNativeTarget section */
		A589E6051FEDB6E4008C7534 /* vision-app-dev */ = {
			isa = PBXNativeTarget;
			buildConfigurationList = A589E6181FEDB6E4008C7534 /* Build configuration list for PBXNativeTarget "vision-app-dev" */;
			buildPhases = (
				A589E6021FEDB6E4008C7534 /* Sources */,
				A589E6031FEDB6E4008C7534 /* Frameworks */,
				A589E6041FEDB6E4008C7534 /* Resources */,
			);
			buildRules = (
			);
			dependencies = (
			);
			name = "vision-app-dev";
			productName = "vision-app-dev";
			productReference = A589E6061FEDB6E4008C7534 /* vision-app-dev.app */;
			productType = "com.apple.product-type.application";
		};
/* End PBXNativeTarget section */

/* Begin PBXProject section */
		A589E5FE1FEDB6E4008C7534 /* Project object */ = {
			isa = PBXProject;
			attributes = {
				LastSwiftUpdateCheck = 0920;
				LastUpgradeCheck = 0920;
				ORGANIZATIONNAME = "Donald Belliveau";
				TargetAttributes = {
					A589E6051FEDB6E4008C7534 = {
						CreatedOnToolsVersion = 9.2;
						ProvisioningStyle = Automatic;
					};
				};
			};
			buildConfigurationList = A589E6011FEDB6E4008C7534 /* Build configuration list for PBXProject "vision-app-dev" */;
			compatibilityVersion = "Xcode 8.0";
			developmentRegion = en;
			hasScannedForEncodings = 0;
			knownRegions = (
				en,
				Base,
			);
			mainGroup = A589E5FD1FEDB6E4008C7534;
			productRefGroup = A589E6071FEDB6E4008C7534 /* Products */;
			projectDirPath = "";
			projectRoot = "";
			targets = (
				A589E6051FEDB6E4008C7534 /* vision-app-dev */,
			);
		};
/* End PBXProject section */

/* Begin PBXResourcesBuildPhase section */
		A589E6041FEDB6E4008C7534 /* Resources */ = {
			isa = PBXResourcesBuildPhase;
			buildActionMask = 2147483647;
			files = (
				A589E6141FEDB6E4008C7534 /* LaunchScreen.storyboard in Resources */,
				A589E6111FEDB6E4008C7534 /* Assets.xcassets in Resources */,
				A589E60F1FEDB6E4008C7534 /* Main.storyboard in Resources */,
			);
			runOnlyForDeploymentPostprocessing = 0;
		};
/* End PBXResourcesBuildPhase section */

/* Begin PBXSourcesBuildPhase section */
		A589E6021FEDB6E4008C7534 /* Sources */ = {
			isa = PBXSourcesBuildPhase;
			buildActionMask = 2147483647;
			files = (
				A589E60C1FEDB6E4008C7534 /* CameraVC.swift in Sources */,
				A589E6251FEDE1EC008C7534 /* SqueezeNet.mlmodel in Sources */,
				A589E60A1FEDB6E4008C7534 /* AppDelegate.swift in Sources */,
				A589E61F1FEDBB9C008C7534 /* RoundedShadowView.swift in Sources */,
				A589E6211FEDBD95008C7534 /* RoundedShadowButton.swift in Sources */,
				A589E6231FEDBE66008C7534 /* RoundedShadowImageView.swift in Sources */,
			);
			runOnlyForDeploymentPostprocessing = 0;
		};
/* End PBXSourcesBuildPhase section */

/* Begin PBXVariantGroup section */
		A589E60D1FEDB6E4008C7534 /* Main.storyboard */ = {
			isa = PBXVariantGroup;
			children = (
				A589E60E1FEDB6E4008C7534 /* Base */,
			);
			name = Main.storyboard;
			sourceTree = "<group>";
		};
		A589E6121FEDB6E4008C7534 /* LaunchScreen.storyboard */ = {
			isa = PBXVariantGroup;
			children = (
				A589E6131FEDB6E4008C7534 /* Base */,
			);
			name = LaunchScreen.storyboard;
			sourceTree = "<group>";
		};
/* End PBXVariantGroup section */

/* Begin XCBuildConfiguration section */
		A589E6161FEDB6E4008C7534 /* Debug */ = {
			isa = XCBuildConfiguration;
			buildSettings = {
				ALWAYS_SEARCH_USER_PATHS = NO;
				CLANG_ANALYZER_NONNULL = YES;
				CLANG_ANALYZER_NUMBER_OBJECT_CONVERSION = YES_AGGRESSIVE;
				CLANG_CXX_LANGUAGE_STANDARD = "gnu++14";
				CLANG_CXX_LIBRARY = "libc++";
				CLANG_ENABLE_MODULES = YES;
				CLANG_ENABLE_OBJC_ARC = YES;
				CLANG_WARN_BLOCK_CAPTURE_AUTORELEASING = YES;
				CLANG_WARN_BOOL_CONVERSION = YES;
				CLANG_WARN_COMMA = YES;
				CLANG_WARN_CONSTANT_CONVERSION = YES;
				CLANG_WARN_DIRECT_OBJC_ISA_USAGE = YES_ERROR;
				CLANG_WARN_DOCUMENTATION_COMMENTS = YES;
				CLANG_WARN_EMPTY_BODY = YES;
				CLANG_WARN_ENUM_CONVERSION = YES;
				CLANG_WARN_INFINITE_RECURSION = YES;
				CLANG_WARN_INT_CONVERSION = YES;
				CLANG_WARN_NON_LITERAL_NULL_CONVERSION = YES;
				CLANG_WARN_OBJC_LITERAL_CONVERSION = YES;
				CLANG_WARN_OBJC_ROOT_CLASS = YES_ERROR;
				CLANG_WARN_RANGE_LOOP_ANALYSIS = YES;
				CLANG_WARN_STRICT_PROTOTYPES = YES;
				CLANG_WARN_SUSPICIOUS_MOVE = YES;
				CLANG_WARN_UNGUARDED_AVAILABILITY = YES_AGGRESSIVE;
				CLANG_WARN_UNREACHABLE_CODE = YES;
				CLANG_WARN__DUPLICATE_METHOD_MATCH = YES;
				CODE_SIGN_IDENTITY = "iPhone Developer";
				COPY_PHASE_STRIP = NO;
				DEBUG_INFORMATION_FORMAT = dwarf;
				ENABLE_STRICT_OBJC_MSGSEND = YES;
				ENABLE_TESTABILITY = YES;
				GCC_C_LANGUAGE_STANDARD = gnu11;
				GCC_DYNAMIC_NO_PIC = NO;
				GCC_NO_COMMON_BLOCKS = YES;
				GCC_OPTIMIZATION_LEVEL = 0;
				GCC_PREPROCESSOR_DEFINITIONS = (
					"DEBUG=1",
					"$(inherited)",
				);
				GCC_WARN_64_TO_32_BIT_CONVERSION = YES;
				GCC_WARN_ABOUT_RETURN_TYPE = YES_ERROR;
				GCC_WARN_UNDECLARED_SELECTOR = YES;
				GCC_WARN_UNINITIALIZED_AUTOS = YES_AGGRESSIVE;
				GCC_WARN_UNUSED_FUNCTION = YES;
				GCC_WARN_UNUSED_VARIABLE = YES;
				IPHONEOS_DEPLOYMENT_TARGET = 11.2;
				MTL_ENABLE_DEBUG_INFO = YES;
				ONLY_ACTIVE_ARCH = YES;
				SDKROOT = iphoneos;
				SWIFT_ACTIVE_COMPILATION_CONDITIONS = DEBUG;
				SWIFT_OPTIMIZATION_LEVEL = "-Onone";
			};
			name = Debug;
		};
		A589E6171FEDB6E4008C7534 /* Release */ = {
			isa = XCBuildConfiguration;
			buildSettings = {
				ALWAYS_SEARCH_USER_PATHS = NO;
				CLANG_ANALYZER_NONNULL = YES;
				CLANG_ANALYZER_NUMBER_OBJECT_CONVERSION = YES_AGGRESSIVE;
				CLANG_CXX_LANGUAGE_STANDARD = "gnu++14";
				CLANG_CXX_LIBRARY = "libc++";
				CLANG_ENABLE_MODULES = YES;
				CLANG_ENABLE_OBJC_ARC = YES;
				CLANG_WARN_BLOCK_CAPTURE_AUTORELEASING = YES;
				CLANG_WARN_BOOL_CONVERSION = YES;
				CLANG_WARN_COMMA = YES;
				CLANG_WARN_CONSTANT_CONVERSION = YES;
				CLANG_WARN_DIRECT_OBJC_ISA_USAGE = YES_ERROR;
				CLANG_WARN_DOCUMENTATION_COMMENTS = YES;
				CLANG_WARN_EMPTY_BODY = YES;
				CLANG_WARN_ENUM_CONVERSION = YES;
				CLANG_WARN_INFINITE_RECURSION = YES;
				CLANG_WARN_INT_CONVERSION = YES;
				CLANG_WARN_NON_LITERAL_NULL_CONVERSION = YES;
				CLANG_WARN_OBJC_LITERAL_CONVERSION = YES;
				CLANG_WARN_OBJC_ROOT_CLASS = YES_ERROR;
				CLANG_WARN_RANGE_LOOP_ANALYSIS = YES;
				CLANG_WARN_STRICT_PROTOTYPES = YES;
				CLANG_WARN_SUSPICIOUS_MOVE = YES;
				CLANG_WARN_UNGUARDED_AVAILABILITY = YES_AGGRESSIVE;
				CLANG_WARN_UNREACHABLE_CODE = YES;
				CLANG_WARN__DUPLICATE_METHOD_MATCH = YES;
				CODE_SIGN_IDENTITY = "iPhone Developer";
				COPY_PHASE_STRIP = NO;
				DEBUG_INFORMATION_FORMAT = "dwarf-with-dsym";
				ENABLE_NS_ASSERTIONS = NO;
				ENABLE_STRICT_OBJC_MSGSEND = YES;
				GCC_C_LANGUAGE_STANDARD = gnu11;
				GCC_NO_COMMON_BLOCKS = YES;
				GCC_WARN_64_TO_32_BIT_CONVERSION = YES;
				GCC_WARN_ABOUT_RETURN_TYPE = YES_ERROR;
				GCC_WARN_UNDECLARED_SELECTOR = YES;
				GCC_WARN_UNINITIALIZED_AUTOS = YES_AGGRESSIVE;
				GCC_WARN_UNUSED_FUNCTION = YES;
				GCC_WARN_UNUSED_VARIABLE = YES;
				IPHONEOS_DEPLOYMENT_TARGET = 11.2;
				MTL_ENABLE_DEBUG_INFO = NO;
				SDKROOT = iphoneos;
				SWIFT_OPTIMIZATION_LEVEL = "-Owholemodule";
				VALIDATE_PRODUCT = YES;
			};
			name = Release;
		};
		A589E6191FEDB6E4008C7534 /* Debug */ = {
			isa = XCBuildConfiguration;
			buildSettings = {
				ASSETCATALOG_COMPILER_APPICON_NAME = AppIcon;
				CODE_SIGN_STYLE = Automatic;
				DEVELOPMENT_TEAM = 8W7FS3KU9E;
				INFOPLIST_FILE = "vision-app-dev/Info.plist";
				LD_RUNPATH_SEARCH_PATHS = "$(inherited) @executable_path/Frameworks";
				PRODUCT_BUNDLE_IDENTIFIER = "com.donaldbelliveau.vision-app-dev";
				PRODUCT_NAME = "$(TARGET_NAME)";
				SWIFT_VERSION = 4.0;
				TARGETED_DEVICE_FAMILY = "1,2";
			};
			name = Debug;
		};
		A589E61A1FEDB6E4008C7534 /* Release */ = {
			isa = XCBuildConfiguration;
			buildSettings = {
				ASSETCATALOG_COMPILER_APPICON_NAME = AppIcon;
				CODE_SIGN_STYLE = Automatic;
				DEVELOPMENT_TEAM = 8W7FS3KU9E;
				INFOPLIST_FILE = "vision-app-dev/Info.plist";
				LD_RUNPATH_SEARCH_PATHS = "$(inherited) @executable_path/Frameworks";
				PRODUCT_BUNDLE_IDENTIFIER = "com.donaldbelliveau.vision-app-dev";
				PRODUCT_NAME = "$(TARGET_NAME)";
				SWIFT_VERSION = 4.0;
				TARGETED_DEVICE_FAMILY = "1,2";
			};
			name = Release;
		};
/* End XCBuildConfiguration section */

/* Begin XCConfigurationList section */
		A589E6011FEDB6E4008C7534 /* Build configuration list for PBXProject "vision-app-dev" */ = {
			isa = XCConfigurationList;
			buildConfigurations = (
				A589E6161FEDB6E4008C7534 /* Debug */,
				A589E6171FEDB6E4008C7534 /* Release */,
			);
			defaultConfigurationIsVisible = 0;
			defaultConfigurationName = Release;
		};
		A589E6181FEDB6E4008C7534 /* Build configuration list for PBXNativeTarget "vision-app-dev" */ = {
			isa = XCConfigurationList;
			buildConfigurations = (
				A589E6191FEDB6E4008C7534 /* Debug */,
				A589E61A1FEDB6E4008C7534 /* Release */,
			);
			defaultConfigurationIsVisible = 0;
			defaultConfigurationName = Release;
		};
/* End XCConfigurationList section */
	};
	rootObject = A589E5FE1FEDB6E4008C7534 /* Project object */;
}
